
Microsoft Visual Studio Solution File, Format Version 12.00
# Visual Studio 15
VisualStudioVersion = 15.0.27703.2035
MinimumVisualStudioVersion = 10.0.40219.1
Project("{FAE04EC0-301F-11D3-BF4B-00C04F79EFBC}") = "Munro17603375Task1", "Munro17603375Task1\Munro17603375Task1.csproj", "{703136F9-1103-4163-A5C5-3573CF7830B2}"
EndProject
Global
	GlobalSection(SolutionConfigurationPlatforms) = preSolution
		Debug|Any CPU = Debug|Any CPU
		Release|Any CPU = Release|Any CPU
	EndGlobalSection
	GlobalSection(ProjectConfigurationPlatforms) = postSolution
		{703136F9-1103-4163-A5C5-3573CF7830B2}.Debug|Any CPU.ActiveCfg = Debug|Any CPU
		{703136F9-1103-4163-A5C5-3573CF7830B2}.Debug|Any CPU.Build.0 = Debug|Any CPU
		{703136F9-1103-4163-A5C5-3573CF7830B2}.Release|Any CPU.ActiveCfg = Release|Any CPU
		{703136F9-1103-4163-A5C5-3573CF7830B2}.Release|Any CPU.Build.0 = Release|Any CPU
	EndGlobalSection
	GlobalSection(SolutionProperties) = preSolution
		HideSolutionNode = FALSE
	EndGlobalSection
	GlobalSection(ExtensibilityGlobals) = postSolution
		SolutionGuid = {C0071ECE-4469-48C1-99FA-E8AF9B962DC1}
	EndGlobalSection
EndGlobal
